
Microsoft Visual Studio Solution File, Format Version 12.00
# Visual Studio Version 16
VisualStudioVersion = 16.0.31729.503
MinimumVisualStudioVersion = 10.0.40219.1
Project("{FAE04EC0-301F-11D3-BF4B-00C04F79EFBC}") = "AdapterCalisma", "AdapterCalisma\AdapterCalisma.csproj", "{83D62850-AA95-490A-BF70-59E7BA9EC6C1}"
EndProject
Global
	GlobalSection(SolutionConfigurationPlatforms) = preSolution
		Debug|Any CPU = Debug|Any CPU
		Release|Any CPU = Release|Any CPU
	EndGlobalSection
	GlobalSection(ProjectConfigurationPlatforms) = postSolution
		{83D62850-AA95-490A-BF70-59E7BA9EC6C1}.Debug|Any CPU.ActiveCfg = Debug|Any CPU
		{83D62850-AA95-490A-BF70-59E7BA9EC6C1}.Debug|Any CPU.Build.0 = Debug|Any CPU
		{83D62850-AA95-490A-BF70-59E7BA9EC6C1}.Release|Any CPU.ActiveCfg = Release|Any CPU
		{83D62850-AA95-490A-BF70-59E7BA9EC6C1}.Release|Any CPU.Build.0 = Release|Any CPU
	EndGlobalSection
	GlobalSection(SolutionProperties) = preSolution
		HideSolutionNode = FALSE
	EndGlobalSection
	GlobalSection(ExtensibilityGlobals) = postSolution
		SolutionGuid = {BF0DE625-747D-4AD9-B61D-0B3D9FA70F12}
	EndGlobalSection
EndGlobal
